
Microsoft Visual Studio Solution File, Format Version 12.00
# Visual Studio Version 17
VisualStudioVersion = 17.6.33815.320
MinimumVisualStudioVersion = 10.0.40219.1
Project("{9A19103F-16F7-4668-BE54-9A1E7A4F7556}") = "Contact Manager", "Contact Manager\Contact Manager.csproj", "{5A6B9F80-ED0C-4A17-8DDB-E8348A73F198}"
EndProject
Project("{9A19103F-16F7-4668-BE54-9A1E7A4F7556}") = "TestProject1", "TestProject1\TestProject1.csproj", "{27504DC7-E895-4F17-AAE5-C4A5F689227F}"
EndProject
Project("{9A19103F-16F7-4668-BE54-9A1E7A4F7556}") = "ServiceContracts", "ServiceContracts1\ServiceContracts.csproj", "{7E34B0B3-446E-4DB4-8771-02DE3D60E4D1}"
EndProject
Project("{9A19103F-16F7-4668-BE54-9A1E7A4F7556}") = "Services", "Services\Services.csproj", "{A9351D42-AEC3-4103-9818-2B03F614E439}"
EndProject
Project("{9A19103F-16F7-4668-BE54-9A1E7A4F7556}") = "Entities", "Entities\Entities.csproj", "{EA79D022-748D-43F8-B256-E64BC4CDA3EB}"
EndProject
Project("{FAE04EC0-301F-11D3-BF4B-00C04F79EFBC}") = "Repository(s)", "Repository(s)\Repository(s).csproj", "{E932D296-EEEF-4660-8C1A-E6E01501A2D8}"
EndProject
Project("{FAE04EC0-301F-11D3-BF4B-00C04F79EFBC}") = "RepositoryContract(s)", "RepositoryContract(s)\RepositoryContract(s).csproj", "{B77E7A7C-542E-4632-96B0-E5129531F3F8}"
EndProject
Global
	GlobalSection(SolutionConfigurationPlatforms) = preSolution
		Debug|Any CPU = Debug|Any CPU
		Release|Any CPU = Release|Any CPU
	EndGlobalSection
	GlobalSection(ProjectConfigurationPlatforms) = postSolution
		{5A6B9F80-ED0C-4A17-8DDB-E8348A73F198}.Debug|Any CPU.ActiveCfg = Debug|Any CPU
		{5A6B9F80-ED0C-4A17-8DDB-E8348A73F198}.Debug|Any CPU.Build.0 = Debug|Any CPU
		{5A6B9F80-ED0C-4A17-8DDB-E8348A73F198}.Release|Any CPU.ActiveCfg = Release|Any CPU
		{5A6B9F80-ED0C-4A17-8DDB-E8348A73F198}.Release|Any CPU.Build.0 = Release|Any CPU
		{27504DC7-E895-4F17-AAE5-C4A5F689227F}.Debug|Any CPU.ActiveCfg = Debug|Any CPU
		{27504DC7-E895-4F17-AAE5-C4A5F689227F}.Debug|Any CPU.Build.0 = Debug|Any CPU
		{27504DC7-E895-4F17-AAE5-C4A5F689227F}.Release|Any CPU.ActiveCfg = Release|Any CPU
		{27504DC7-E895-4F17-AAE5-C4A5F689227F}.Release|Any CPU.Build.0 = Release|Any CPU
		{7E34B0B3-446E-4DB4-8771-02DE3D60E4D1}.Debug|Any CPU.ActiveCfg = Debug|Any CPU
		{7E34B0B3-446E-4DB4-8771-02DE3D60E4D1}.Debug|Any CPU.Build.0 = Debug|Any CPU
		{7E34B0B3-446E-4DB4-8771-02DE3D60E4D1}.Release|Any CPU.ActiveCfg = Release|Any CPU
		{7E34B0B3-446E-4DB4-8771-02DE3D60E4D1}.Release|Any CPU.Build.0 = Release|Any CPU
		{A9351D42-AEC3-4103-9818-2B03F614E439}.Debug|Any CPU.ActiveCfg = Debug|Any CPU
		{A9351D42-AEC3-4103-9818-2B03F614E439}.Debug|Any CPU.Build.0 = Debug|Any CPU
		{A9351D42-AEC3-4103-9818-2B03F614E439}.Release|Any CPU.ActiveCfg = Release|Any CPU
		{A9351D42-AEC3-4103-9818-2B03F614E439}.Release|Any CPU.Build.0 = Release|Any CPU
		{EA79D022-748D-43F8-B256-E64BC4CDA3EB}.Debug|Any CPU.ActiveCfg = Debug|Any CPU
		{EA79D022-748D-43F8-B256-E64BC4CDA3EB}.Debug|Any CPU.Build.0 = Debug|Any CPU
		{EA79D022-748D-43F8-B256-E64BC4CDA3EB}.Release|Any CPU.ActiveCfg = Release|Any CPU
		{EA79D022-748D-43F8-B256-E64BC4CDA3EB}.Release|Any CPU.Build.0 = Release|Any CPU
		{E932D296-EEEF-4660-8C1A-E6E01501A2D8}.Debug|Any CPU.ActiveCfg = Debug|Any CPU
		{E932D296-EEEF-4660-8C1A-E6E01501A2D8}.Debug|Any CPU.Build.0 = Debug|Any CPU
		{E932D296-EEEF-4660-8C1A-E6E01501A2D8}.Release|Any CPU.ActiveCfg = Release|Any CPU
		{E932D296-EEEF-4660-8C1A-E6E01501A2D8}.Release|Any CPU.Build.0 = Release|Any CPU
		{B77E7A7C-542E-4632-96B0-E5129531F3F8}.Debug|Any CPU.ActiveCfg = Debug|Any CPU
		{B77E7A7C-542E-4632-96B0-E5129531F3F8}.Debug|Any CPU.Build.0 = Debug|Any CPU
		{B77E7A7C-542E-4632-96B0-E5129531F3F8}.Release|Any CPU.ActiveCfg = Release|Any CPU
		{B77E7A7C-542E-4632-96B0-E5129531F3F8}.Release|Any CPU.Build.0 = Release|Any CPU
	EndGlobalSection
	GlobalSection(SolutionProperties) = preSolution
		HideSolutionNode = FALSE
	EndGlobalSection
	GlobalSection(ExtensibilityGlobals) = postSolution
		SolutionGuid = {35D759CE-AD0F-4C29-BAC6-D8699969ED36}
	EndGlobalSection
EndGlobal
